// !$*UTF8*$!
{
	archiveVersion = 1;
	classes = {
	};
	objectVersion = 56;
	objects = {

/* Begin PBXBuildFile section */
		1A3B34C7291294CD00CB63B0 /* blogApp.swift in Sources */ = {isa = PBXBuildFile; fileRef = 1A3B34C6291294CD00CB63B0 /* blogApp.swift */; };
		1A3B34C9291294CD00CB63B0 /* ContentView.swift in Sources */ = {isa = PBXBuildFile; fileRef = 1A3B34C8291294CD00CB63B0 /* ContentView.swift */; };
		1A3B34CB291294CF00CB63B0 /* Assets.xcassets in Resources */ = {isa = PBXBuildFile; fileRef = 1A3B34CA291294CF00CB63B0 /* Assets.xcassets */; };
		1A3B34CF291294CF00CB63B0 /* Preview Assets.xcassets in Resources */ = {isa = PBXBuildFile; fileRef = 1A3B34CE291294CF00CB63B0 /* Preview Assets.xcassets */; };
		1A3B34D9291294CF00CB63B0 /* blogTests.swift in Sources */ = {isa = PBXBuildFile; fileRef = 1A3B34D8291294CF00CB63B0 /* blogTests.swift */; };
		1A3B34E3291294CF00CB63B0 /* blogUITests.swift in Sources */ = {isa = PBXBuildFile; fileRef = 1A3B34E2291294CF00CB63B0 /* blogUITests.swift */; };
		1A3B34E5291294CF00CB63B0 /* blogUITestsLaunchTests.swift in Sources */ = {isa = PBXBuildFile; fileRef = 1A3B34E4291294CF00CB63B0 /* blogUITestsLaunchTests.swift */; };
		1A3B34F22912958400CB63B0 /* BlogPosts .swift in Sources */ = {isa = PBXBuildFile; fileRef = 1A3B34F12912958400CB63B0 /* BlogPosts .swift */; };
		1A3B34F4291295D400CB63B0 /* MainView.swift in Sources */ = {isa = PBXBuildFile; fileRef = 1A3B34F3291295D400CB63B0 /* MainView.swift */; };
		1A3B34F62912963400CB63B0 /* hexcolorextensions.swift in Sources */ = {isa = PBXBuildFile; fileRef = 1A3B34F52912963400CB63B0 /* hexcolorextensions.swift */; };
		1A3B34F8291298A800CB63B0 /* BlogPostCardMain.swift in Sources */ = {isa = PBXBuildFile; fileRef = 1A3B34F7291298A800CB63B0 /* BlogPostCardMain.swift */; };
		1A3B34FA29129A3300CB63B0 /* BlogPostView.swift in Sources */ = {isa = PBXBuildFile; fileRef = 1A3B34F929129A3300CB63B0 /* BlogPostView.swift */; };
/* End PBXBuildFile section */

/* Begin PBXContainerItemProxy section */
		1A3B34D5291294CF00CB63B0 /* PBXContainerItemProxy */ = {
			isa = PBXContainerItemProxy;
			containerPortal = 1A3B34BB291294CD00CB63B0 /* Project object */;
			proxyType = 1;
			remoteGlobalIDString = 1A3B34C2291294CD00CB63B0;
			remoteInfo = blog;
		};
		1A3B34DF291294CF00CB63B0 /* PBXContainerItemProxy */ = {
			isa = PBXContainerItemProxy;
			containerPortal = 1A3B34BB291294CD00CB63B0 /* Project object */;
			proxyType = 1;
			remoteGlobalIDString = 1A3B34C2291294CD00CB63B0;
			remoteInfo = blog;
		};
/* End PBXContainerItemProxy section */

/* Begin PBXFileReference section */
		1A3B34C3291294CD00CB63B0 /* blog.app */ = {isa = PBXFileReference; explicitFileType = wrapper.application; includeInIndex = 0; path = blog.app; sourceTree = BUILT_PRODUCTS_DIR; };
		1A3B34C6291294CD00CB63B0 /* blogApp.swift */ = {isa = PBXFileReference; lastKnownFileType = sourcecode.swift; path = blogApp.swift; sourceTree = "<group>"; };
		1A3B34C8291294CD00CB63B0 /* ContentView.swift */ = {isa = PBXFileReference; lastKnownFileType = sourcecode.swift; path = ContentView.swift; sourceTree = "<group>"; };
		1A3B34CA291294CF00CB63B0 /* Assets.xcassets */ = {isa = PBXFileReference; lastKnownFileType = folder.assetcatalog; path = Assets.xcassets; sourceTree = "<group>"; };
		1A3B34CC291294CF00CB63B0 /* blog.entitlements */ = {isa = PBXFileReference; lastKnownFileType = text.plist.entitlements; path = blog.entitlements; sourceTree = "<group>"; };
		1A3B34CE291294CF00CB63B0 /* Preview Assets.xcassets */ = {isa = PBXFileReference; lastKnownFileType = folder.assetcatalog; path = "Preview Assets.xcassets"; sourceTree = "<group>"; };
		1A3B34D4291294CF00CB63B0 /* blogTests.xctest */ = {isa = PBXFileReference; explicitFileType = wrapper.cfbundle; includeInIndex = 0; path = blogTests.xctest; sourceTree = BUILT_PRODUCTS_DIR; };
		1A3B34D8291294CF00CB63B0 /* blogTests.swift */ = {isa = PBXFileReference; lastKnownFileType = sourcecode.swift; path = blogTests.swift; sourceTree = "<group>"; };
		1A3B34DE291294CF00CB63B0 /* blogUITests.xctest */ = {isa = PBXFileReference; explicitFileType = wrapper.cfbundle; includeInIndex = 0; path = blogUITests.xctest; sourceTree = BUILT_PRODUCTS_DIR; };
		1A3B34E2291294CF00CB63B0 /* blogUITests.swift */ = {isa = PBXFileReference; lastKnownFileType = sourcecode.swift; path = blogUITests.swift; sourceTree = "<group>"; };
		1A3B34E4291294CF00CB63B0 /* blogUITestsLaunchTests.swift */ = {isa = PBXFileReference; lastKnownFileType = sourcecode.swift; path = blogUITestsLaunchTests.swift; sourceTree = "<group>"; };
		1A3B34F12912958400CB63B0 /* BlogPosts .swift */ = {isa = PBXFileReference; lastKnownFileType = sourcecode.swift; path = "BlogPosts .swift"; sourceTree = "<group>"; };
		1A3B34F3291295D400CB63B0 /* MainView.swift */ = {isa = PBXFileReference; lastKnownFileType = sourcecode.swift; path = MainView.swift; sourceTree = "<group>"; };
		1A3B34F52912963400CB63B0 /* hexcolorextensions.swift */ = {isa = PBXFileReference; lastKnownFileType = sourcecode.swift; path = hexcolorextensions.swift; sourceTree = "<group>"; };
		1A3B34F7291298A800CB63B0 /* BlogPostCardMain.swift */ = {isa = PBXFileReference; lastKnownFileType = sourcecode.swift; path = BlogPostCardMain.swift; sourceTree = "<group>"; };
		1A3B34F929129A3300CB63B0 /* BlogPostView.swift */ = {isa = PBXFileReference; lastKnownFileType = sourcecode.swift; path = BlogPostView.swift; sourceTree = "<group>"; };
/* End PBXFileReference section */

/* Begin PBXFrameworksBuildPhase section */
		1A3B34C0291294CD00CB63B0 /* Frameworks */ = {
			isa = PBXFrameworksBuildPhase;
			buildActionMask = 2147483647;
			files = (
			);
			runOnlyForDeploymentPostprocessing = 0;
		};
		1A3B34D1291294CF00CB63B0 /* Frameworks */ = {
			isa = PBXFrameworksBuildPhase;
			buildActionMask = 2147483647;
			files = (
			);
			runOnlyForDeploymentPostprocessing = 0;
		};
		1A3B34DB291294CF00CB63B0 /* Frameworks */ = {
			isa = PBXFrameworksBuildPhase;
			buildActionMask = 2147483647;
			files = (
			);
			runOnlyForDeploymentPostprocessing = 0;
		};
/* End PBXFrameworksBuildPhase section */

/* Begin PBXGroup section */
		1A3B34BA291294CD00CB63B0 = {
			isa = PBXGroup;
			children = (
				1A3B34C5291294CD00CB63B0 /* blog */,
				1A3B34D7291294CF00CB63B0 /* blogTests */,
				1A3B34E1291294CF00CB63B0 /* blogUITests */,
				1A3B34C4291294CD00CB63B0 /* Products */,
			);
			sourceTree = "<group>";
		};
		1A3B34C4291294CD00CB63B0 /* Products */ = {
			isa = PBXGroup;
			children = (
				1A3B34C3291294CD00CB63B0 /* blog.app */,
				1A3B34D4291294CF00CB63B0 /* blogTests.xctest */,
				1A3B34DE291294CF00CB63B0 /* blogUITests.xctest */,
			);
			name = Products;
			sourceTree = "<group>";
		};
		1A3B34C5291294CD00CB63B0 /* blog */ = {
			isa = PBXGroup;
			children = (
				1A3B34C6291294CD00CB63B0 /* blogApp.swift */,
				1A3B34F929129A3300CB63B0 /* BlogPostView.swift */,
				1A3B34F3291295D400CB63B0 /* MainView.swift */,
				1A3B34F7291298A800CB63B0 /* BlogPostCardMain.swift */,
				1A3B34F52912963400CB63B0 /* hexcolorextensions.swift */,
				1A3B34F12912958400CB63B0 /* BlogPosts .swift */,
				1A3B34C8291294CD00CB63B0 /* ContentView.swift */,
				1A3B34CA291294CF00CB63B0 /* Assets.xcassets */,
				1A3B34CC291294CF00CB63B0 /* blog.entitlements */,
				1A3B34CD291294CF00CB63B0 /* Preview Content */,
			);
			path = blog;
			sourceTree = "<group>";
		};
		1A3B34CD291294CF00CB63B0 /* Preview Content */ = {
			isa = PBXGroup;
			children = (
				1A3B34CE291294CF00CB63B0 /* Preview Assets.xcassets */,
			);
			path = "Preview Content";
			sourceTree = "<group>";
		};
		1A3B34D7291294CF00CB63B0 /* blogTests */ = {
			isa = PBXGroup;
			children = (
				1A3B34D8291294CF00CB63B0 /* blogTests.swift */,
			);
			path = blogTests;
			sourceTree = "<group>";
		};
		1A3B34E1291294CF00CB63B0 /* blogUITests */ = {
			isa = PBXGroup;
			children = (
				1A3B34E2291294CF00CB63B0 /* blogUITests.swift */,
				1A3B34E4291294CF00CB63B0 /* blogUITestsLaunchTests.swift */,
			);
			path = blogUITests;
			sourceTree = "<group>";
		};
/* End PBXGroup section */

/* Begin PBXNativeTarget section */
		1A3B34C2291294CD00CB63B0 /* blog */ = {
			isa = PBXNativeTarget;
			buildConfigurationList = 1A3B34E8291294CF00CB63B0 /* Build configuration list for PBXNativeTarget "blog" */;
			buildPhases = (
				1A3B34BF291294CD00CB63B0 /* Sources */,
				1A3B34C0291294CD00CB63B0 /* Frameworks */,
				1A3B34C1291294CD00CB63B0 /* Resources */,
			);
			buildRules = (
			);
			dependencies = (
			);
			name = blog;
			productName = blog;
			productReference = 1A3B34C3291294CD00CB63B0 /* blog.app */;
			productType = "com.apple.product-type.application";
		};
		1A3B34D3291294CF00CB63B0 /* blogTests */ = {
			isa = PBXNativeTarget;
			buildConfigurationList = 1A3B34EB291294CF00CB63B0 /* Build configuration list for PBXNativeTarget "blogTests" */;
			buildPhases = (
				1A3B34D0291294CF00CB63B0 /* Sources */,
				1A3B34D1291294CF00CB63B0 /* Frameworks */,
				1A3B34D2291294CF00CB63B0 /* Resources */,
			);
			buildRules = (
			);
			dependencies = (
				1A3B34D6291294CF00CB63B0 /* PBXTargetDependency */,
			);
			name = blogTests;
			productName = blogTests;
			productReference = 1A3B34D4291294CF00CB63B0 /* blogTests.xctest */;
			productType = "com.apple.product-type.bundle.unit-test";
		};
		1A3B34DD291294CF00CB63B0 /* blogUITests */ = {
			isa = PBXNativeTarget;
			buildConfigurationList = 1A3B34EE291294CF00CB63B0 /* Build configuration list for PBXNativeTarget "blogUITests" */;
			buildPhases = (
				1A3B34DA291294CF00CB63B0 /* Sources */,
				1A3B34DB291294CF00CB63B0 /* Frameworks */,
				1A3B34DC291294CF00CB63B0 /* Resources */,
			);
			buildRules = (
			);
			dependencies = (
				1A3B34E0291294CF00CB63B0 /* PBXTargetDependency */,
			);
			name = blogUITests;
			productName = blogUITests;
			productReference = 1A3B34DE291294CF00CB63B0 /* blogUITests.xctest */;
			productType = "com.apple.product-type.bundle.ui-testing";
		};
/* End PBXNativeTarget section */

/* Begin PBXProject section */
		1A3B34BB291294CD00CB63B0 /* Project object */ = {
			isa = PBXProject;
			attributes = {
				BuildIndependentTargetsInParallel = 1;
				LastSwiftUpdateCheck = 1400;
				LastUpgradeCheck = 1400;
				TargetAttributes = {
					1A3B34C2291294CD00CB63B0 = {
						CreatedOnToolsVersion = 14.0.1;
					};
					1A3B34D3291294CF00CB63B0 = {
						CreatedOnToolsVersion = 14.0.1;
						TestTargetID = 1A3B34C2291294CD00CB63B0;
					};
					1A3B34DD291294CF00CB63B0 = {
						CreatedOnToolsVersion = 14.0.1;
						TestTargetID = 1A3B34C2291294CD00CB63B0;
					};
				};
			};
			buildConfigurationList = 1A3B34BE291294CD00CB63B0 /* Build configuration list for PBXProject "blog" */;
			compatibilityVersion = "Xcode 14.0";
			developmentRegion = en;
			hasScannedForEncodings = 0;
			knownRegions = (
				en,
				Base,
			);
			mainGroup = 1A3B34BA291294CD00CB63B0;
			productRefGroup = 1A3B34C4291294CD00CB63B0 /* Products */;
			projectDirPath = "";
			projectRoot = "";
			targets = (
				1A3B34C2291294CD00CB63B0 /* blog */,
				1A3B34D3291294CF00CB63B0 /* blogTests */,
				1A3B34DD291294CF00CB63B0 /* blogUITests */,
			);
		};
/* End PBXProject section */

/* Begin PBXResourcesBuildPhase section */
		1A3B34C1291294CD00CB63B0 /* Resources */ = {
			isa = PBXResourcesBuildPhase;
			buildActionMask = 2147483647;
			files = (
				1A3B34CF291294CF00CB63B0 /* Preview Assets.xcassets in Resources */,
				1A3B34CB291294CF00CB63B0 /* Assets.xcassets in Resources */,
			);
			runOnlyForDeploymentPostprocessing = 0;
		};
		1A3B34D2291294CF00CB63B0 /* Resources */ = {
			isa = PBXResourcesBuildPhase;
			buildActionMask = 2147483647;
			files = (
			);
			runOnlyForDeploymentPostprocessing = 0;
		};
		1A3B34DC291294CF00CB63B0 /* Resources */ = {
			isa = PBXResourcesBuildPhase;
			buildActionMask = 2147483647;
			files = (
			);
			runOnlyForDeploymentPostprocessing = 0;
		};
/* End PBXResourcesBuildPhase section */

/* Begin PBXSourcesBuildPhase section */
		1A3B34BF291294CD00CB63B0 /* Sources */ = {
			isa = PBXSourcesBuildPhase;
			buildActionMask = 2147483647;
			files = (
				1A3B34F8291298A800CB63B0 /* BlogPostCardMain.swift in Sources */,
				1A3B34C9291294CD00CB63B0 /* ContentView.swift in Sources */,
				1A3B34F62912963400CB63B0 /* hexcolorextensions.swift in Sources */,
				1A3B34FA29129A3300CB63B0 /* BlogPostView.swift in Sources */,
				1A3B34F4291295D400CB63B0 /* MainView.swift in Sources */,
				1A3B34C7291294CD00CB63B0 /* blogApp.swift in Sources */,
				1A3B34F22912958400CB63B0 /* BlogPosts .swift in Sources */,
			);
			runOnlyForDeploymentPostprocessing = 0;
		};
		1A3B34D0291294CF00CB63B0 /* Sources */ = {
			isa = PBXSourcesBuildPhase;
			buildActionMask = 2147483647;
			files = (
				1A3B34D9291294CF00CB63B0 /* blogTests.swift in Sources */,
			);
			runOnlyForDeploymentPostprocessing = 0;
		};
		1A3B34DA291294CF00CB63B0 /* Sources */ = {
			isa = PBXSourcesBuildPhase;
			buildActionMask = 2147483647;
			files = (
				1A3B34E5291294CF00CB63B0 /* blogUITestsLaunchTests.swift in Sources */,
				1A3B34E3291294CF00CB63B0 /* blogUITests.swift in Sources */,
			);
			runOnlyForDeploymentPostprocessing = 0;
		};
/* End PBXSourcesBuildPhase section */

/* Begin PBXTargetDependency section */
		1A3B34D6291294CF00CB63B0 /* PBXTargetDependency */ = {
			isa = PBXTargetDependency;
			target = 1A3B34C2291294CD00CB63B0 /* blog */;
			targetProxy = 1A3B34D5291294CF00CB63B0 /* PBXContainerItemProxy */;
		};
		1A3B34E0291294CF00CB63B0 /* PBXTargetDependency */ = {
			isa = PBXTargetDependency;
			target = 1A3B34C2291294CD00CB63B0 /* blog */;
			targetProxy = 1A3B34DF291294CF00CB63B0 /* PBXContainerItemProxy */;
		};
/* End PBXTargetDependency section */

/* Begin XCBuildConfiguration section */
		1A3B34E6291294CF00CB63B0 /* Debug */ = {
			isa = XCBuildConfiguration;
			buildSettings = {
				ALWAYS_SEARCH_USER_PATHS = NO;
				CLANG_ANALYZER_NONNULL = YES;
				CLANG_ANALYZER_NUMBER_OBJECT_CONVERSION = YES_AGGRESSIVE;
				CLANG_CXX_LANGUAGE_STANDARD = "gnu++20";
				CLANG_ENABLE_MODULES = YES;
				CLANG_ENABLE_OBJC_ARC = YES;
				CLANG_ENABLE_OBJC_WEAK = YES;
				CLANG_WARN_BLOCK_CAPTURE_AUTORELEASING = YES;
				CLANG_WARN_BOOL_CONVERSION = YES;
				CLANG_WARN_COMMA = YES;
				CLANG_WARN_CONSTANT_CONVERSION = YES;
				CLANG_WARN_DEPRECATED_OBJC_IMPLEMENTATIONS = YES;
				CLANG_WARN_DIRECT_OBJC_ISA_USAGE = YES_ERROR;
				CLANG_WARN_DOCUMENTATION_COMMENTS = YES;
				CLANG_WARN_EMPTY_BODY = YES;
				CLANG_WARN_ENUM_CONVERSION = YES;
				CLANG_WARN_INFINITE_RECURSION = YES;
				CLANG_WARN_INT_CONVERSION = YES;
				CLANG_WARN_NON_LITERAL_NULL_CONVERSION = YES;
				CLANG_WARN_OBJC_IMPLICIT_RETAIN_SELF = YES;
				CLANG_WARN_OBJC_LITERAL_CONVERSION = YES;
				CLANG_WARN_OBJC_ROOT_CLASS = YES_ERROR;
				CLANG_WARN_QUOTED_INCLUDE_IN_FRAMEWORK_HEADER = YES;
				CLANG_WARN_RANGE_LOOP_ANALYSIS = YES;
				CLANG_WARN_STRICT_PROTOTYPES = YES;
				CLANG_WARN_SUSPICIOUS_MOVE = YES;
				CLANG_WARN_UNGUARDED_AVAILABILITY = YES_AGGRESSIVE;
				CLANG_WARN_UNREACHABLE_CODE = YES;
				CLANG_WARN__DUPLICATE_METHOD_MATCH = YES;
				COPY_PHASE_STRIP = NO;
				DEBUG_INFORMATION_FORMAT = dwarf;
				ENABLE_STRICT_OBJC_MSGSEND = YES;
				ENABLE_TESTABILITY = YES;
				GCC_C_LANGUAGE_STANDARD = gnu11;
				GCC_DYNAMIC_NO_PIC = NO;
				GCC_NO_COMMON_BLOCKS = YES;
				GCC_OPTIMIZATION_LEVEL = 0;
				GCC_PREPROCESSOR_DEFINITIONS = (
					"DEBUG=1",
					"$(inherited)",
				);
				GCC_WARN_64_TO_32_BIT_CONVERSION = YES;
				GCC_WARN_ABOUT_RETURN_TYPE = YES_ERROR;
				GCC_WARN_UNDECLARED_SELECTOR = YES;
				GCC_WARN_UNINITIALIZED_AUTOS = YES_AGGRESSIVE;
				GCC_WARN_UNUSED_FUNCTION = YES;
				GCC_WARN_UNUSED_VARIABLE = YES;
				MTL_ENABLE_DEBUG_INFO = INCLUDE_SOURCE;
				MTL_FAST_MATH = YES;
				ONLY_ACTIVE_ARCH = YES;
				SWIFT_ACTIVE_COMPILATION_CONDITIONS = DEBUG;
				SWIFT_OPTIMIZATION_LEVEL = "-Onone";
			};
			name = Debug;
		};
		1A3B34E7291294CF00CB63B0 /* Release */ = {
			isa = XCBuildConfiguration;
			buildSettings = {
				ALWAYS_SEARCH_USER_PATHS = NO;
				CLANG_ANALYZER_NONNULL = YES;
				CLANG_ANALYZER_NUMBER_OBJECT_CONVERSION = YES_AGGRESSIVE;
				CLANG_CXX_LANGUAGE_STANDARD = "gnu++20";
				CLANG_ENABLE_MODULES = YES;
				CLANG_ENABLE_OBJC_ARC = YES;
				CLANG_ENABLE_OBJC_WEAK = YES;
				CLANG_WARN_BLOCK_CAPTURE_AUTORELEASING = YES;
				CLANG_WARN_BOOL_CONVERSION = YES;
				CLANG_WARN_COMMA = YES;
				CLANG_WARN_CONSTANT_CONVERSION = YES;
				CLANG_WARN_DEPRECATED_OBJC_IMPLEMENTATIONS = YES;
				CLANG_WARN_DIRECT_OBJC_ISA_USAGE = YES_ERROR;
				CLANG_WARN_DOCUMENTATION_COMMENTS = YES;
				CLANG_WARN_EMPTY_BODY = YES;
				CLANG_WARN_ENUM_CONVERSION = YES;
				CLANG_WARN_INFINITE_RECURSION = YES;
				CLANG_WARN_INT_CONVERSION = YES;
				CLANG_WARN_NON_LITERAL_NULL_CONVERSION = YES;
				CLANG_WARN_OBJC_IMPLICIT_RETAIN_SELF = YES;
				CLANG_WARN_OBJC_LITERAL_CONVERSION = YES;
				CLANG_WARN_OBJC_ROOT_CLASS = YES_ERROR;
				CLANG_WARN_QUOTED_INCLUDE_IN_FRAMEWORK_HEADER = YES;
				CLANG_WARN_RANGE_LOOP_ANALYSIS = YES;
				CLANG_WARN_STRICT_PROTOTYPES = YES;
				CLANG_WARN_SUSPICIOUS_MOVE = YES;
				CLANG_WARN_UNGUARDED_AVAILABILITY = YES_AGGRESSIVE;
				CLANG_WARN_UNREACHABLE_CODE = YES;
				CLANG_WARN__DUPLICATE_METHOD_MATCH = YES;
				COPY_PHASE_STRIP = NO;
				DEBUG_INFORMATION_FORMAT = "dwarf-with-dsym";
				ENABLE_NS_ASSERTIONS = NO;
				ENABLE_STRICT_OBJC_MSGSEND = YES;
				GCC_C_LANGUAGE_STANDARD = gnu11;
				GCC_NO_COMMON_BLOCKS = YES;
				GCC_WARN_64_TO_32_BIT_CONVERSION = YES;
				GCC_WARN_ABOUT_RETURN_TYPE = YES_ERROR;
				GCC_WARN_UNDECLARED_SELECTOR = YES;
				GCC_WARN_UNINITIALIZED_AUTOS = YES_AGGRESSIVE;
				GCC_WARN_UNUSED_FUNCTION = YES;
				GCC_WARN_UNUSED_VARIABLE = YES;
				MTL_ENABLE_DEBUG_INFO = NO;
				MTL_FAST_MATH = YES;
				SWIFT_COMPILATION_MODE = wholemodule;
				SWIFT_OPTIMIZATION_LEVEL = "-O";
			};
			name = Release;
		};
		1A3B34E9291294CF00CB63B0 /* Debug */ = {
			isa = XCBuildConfiguration;
			buildSettings = {
				ASSETCATALOG_COMPILER_APPICON_NAME = AppIcon;
				ASSETCATALOG_COMPILER_GLOBAL_ACCENT_COLOR_NAME = AccentColor;
				CODE_SIGN_ENTITLEMENTS = blog/blog.entitlements;
				CODE_SIGN_STYLE = Automatic;
				CURRENT_PROJECT_VERSION = 1;
				DEVELOPMENT_ASSET_PATHS = "\"blog/Preview Content\"";
				ENABLE_PREVIEWS = YES;
				GENERATE_INFOPLIST_FILE = YES;
				"INFOPLIST_KEY_UIApplicationSceneManifest_Generation[sdk=iphoneos*]" = YES;
				"INFOPLIST_KEY_UIApplicationSceneManifest_Generation[sdk=iphonesimulator*]" = YES;
				"INFOPLIST_KEY_UIApplicationSupportsIndirectInputEvents[sdk=iphoneos*]" = YES;
				"INFOPLIST_KEY_UIApplicationSupportsIndirectInputEvents[sdk=iphonesimulator*]" = YES;
				"INFOPLIST_KEY_UILaunchScreen_Generation[sdk=iphoneos*]" = YES;
				"INFOPLIST_KEY_UILaunchScreen_Generation[sdk=iphonesimulator*]" = YES;
				"INFOPLIST_KEY_UIStatusBarStyle[sdk=iphoneos*]" = UIStatusBarStyleDefault;
				"INFOPLIST_KEY_UIStatusBarStyle[sdk=iphonesimulator*]" = UIStatusBarStyleDefault;
				INFOPLIST_KEY_UISupportedInterfaceOrientations_iPad = "UIInterfaceOrientationPortrait UIInterfaceOrientationPortraitUpsideDown UIInterfaceOrientationLandscapeLeft UIInterfaceOrientationLandscapeRight";
				INFOPLIST_KEY_UISupportedInterfaceOrientations_iPhone = "UIInterfaceOrientationPortrait UIInterfaceOrientationLandscapeLeft UIInterfaceOrientationLandscapeRight";
				IPHONEOS_DEPLOYMENT_TARGET = 16.0;
				LD_RUNPATH_SEARCH_PATHS = "@executable_path/Frameworks";
				"LD_RUNPATH_SEARCH_PATHS[sdk=macosx*]" = "@executable_path/../Frameworks";
				MACOSX_DEPLOYMENT_TARGET = 12.3;
				MARKETING_VERSION = 1.0;
				PRODUCT_BUNDLE_IDENTIFIER = twaiq.blog;
				PRODUCT_NAME = "$(TARGET_NAME)";
				SDKROOT = auto;
				SUPPORTED_PLATFORMS = "iphoneos iphonesimulator macosx";
				SWIFT_EMIT_LOC_STRINGS = YES;
				SWIFT_VERSION = 5.0;
				TARGETED_DEVICE_FAMILY = "1,2";
			};
			name = Debug;
		};
		1A3B34EA291294CF00CB63B0 /* Release */ = {
			isa = XCBuildConfiguration;
			buildSettings = {
				ASSETCATALOG_COMPILER_APPICON_NAME = AppIcon;
				ASSETCATALOG_COMPILER_GLOBAL_ACCENT_COLOR_NAME = AccentColor;
				CODE_SIGN_ENTITLEMENTS = blog/blog.entitlements;
				CODE_SIGN_STYLE = Automatic;
				CURRENT_PROJECT_VERSION = 1;
				DEVELOPMENT_ASSET_PATHS = "\"blog/Preview Content\"";
				ENABLE_PREVIEWS = YES;
				GENERATE_INFOPLIST_FILE = YES;
				"INFOPLIST_KEY_UIApplicationSceneManifest_Generation[sdk=iphoneos*]" = YES;
				"INFOPLIST_KEY_UIApplicationSceneManifest_Generation[sdk=iphonesimulator*]" = YES;
				"INFOPLIST_KEY_UIApplicationSupportsIndirectInputEvents[sdk=iphoneos*]" = YES;
				"INFOPLIST_KEY_UIApplicationSupportsIndirectInputEvents[sdk=iphonesimulator*]" = YES;
				"INFOPLIST_KEY_UILaunchScreen_Generation[sdk=iphoneos*]" = YES;
				"INFOPLIST_KEY_UILaunchScreen_Generation[sdk=iphonesimulator*]" = YES;
				"INFOPLIST_KEY_UIStatusBarStyle[sdk=iphoneos*]" = UIStatusBarStyleDefault;
				"INFOPLIST_KEY_UIStatusBarStyle[sdk=iphonesimulator*]" = UIStatusBarStyleDefault;
				INFOPLIST_KEY_UISupportedInterfaceOrientations_iPad = "UIInterfaceOrientationPortrait UIInterfaceOrientationPortraitUpsideDown UIInterfaceOrientationLandscapeLeft UIInterfaceOrientationLandscapeRight";
				INFOPLIST_KEY_UISupportedInterfaceOrientations_iPhone = "UIInterfaceOrientationPortrait UIInterfaceOrientationLandscapeLeft UIInterfaceOrientationLandscapeRight";
				IPHONEOS_DEPLOYMENT_TARGET = 16.0;
				LD_RUNPATH_SEARCH_PATHS = "@executable_path/Frameworks";
				"LD_RUNPATH_SEARCH_PATHS[sdk=macosx*]" = "@executable_path/../Frameworks";
				MACOSX_DEPLOYMENT_TARGET = 12.3;
				MARKETING_VERSION = 1.0;
				PRODUCT_BUNDLE_IDENTIFIER = twaiq.blog;
				PRODUCT_NAME = "$(TARGET_NAME)";
				SDKROOT = auto;
				SUPPORTED_PLATFORMS = "iphoneos iphonesimulator macosx";
				SWIFT_EMIT_LOC_STRINGS = YES;
				SWIFT_VERSION = 5.0;
				TARGETED_DEVICE_FAMILY = "1,2";
			};
			name = Release;
		};
		1A3B34EC291294CF00CB63B0 /* Debug */ = {
			isa = XCBuildConfiguration;
			buildSettings = {
				ALWAYS_EMBED_SWIFT_STANDARD_LIBRARIES = YES;
				BUNDLE_LOADER = "$(TEST_HOST)";
				CODE_SIGN_STYLE = Automatic;
				CURRENT_PROJECT_VERSION = 1;
				GENERATE_INFOPLIST_FILE = YES;
				IPHONEOS_DEPLOYMENT_TARGET = 16.0;
				MACOSX_DEPLOYMENT_TARGET = 12.3;
				MARKETING_VERSION = 1.0;
				PRODUCT_BUNDLE_IDENTIFIER = twaiq.blogTests;
				PRODUCT_NAME = "$(TARGET_NAME)";
				SDKROOT = auto;
				SUPPORTED_PLATFORMS = "iphoneos iphonesimulator macosx";
				SWIFT_EMIT_LOC_STRINGS = NO;
				SWIFT_VERSION = 5.0;
				TARGETED_DEVICE_FAMILY = "1,2";
				TEST_HOST = "$(BUILT_PRODUCTS_DIR)/blog.app/$(BUNDLE_EXECUTABLE_FOLDER_PATH)/blog";
			};
			name = Debug;
		};
		1A3B34ED291294CF00CB63B0 /* Release */ = {
			isa = XCBuildConfiguration;
			buildSettings = {
				ALWAYS_EMBED_SWIFT_STANDARD_LIBRARIES = YES;
				BUNDLE_LOADER = "$(TEST_HOST)";
				CODE_SIGN_STYLE = Automatic;
				CURRENT_PROJECT_VERSION = 1;
				GENERATE_INFOPLIST_FILE = YES;
				IPHONEOS_DEPLOYMENT_TARGET = 16.0;
				MACOSX_DEPLOYMENT_TARGET = 12.3;
				MARKETING_VERSION = 1.0;
				PRODUCT_BUNDLE_IDENTIFIER = twaiq.blogTests;
				PRODUCT_NAME = "$(TARGET_NAME)";
				SDKROOT = auto;
				SUPPORTED_PLATFORMS = "iphoneos iphonesimulator macosx";
				SWIFT_EMIT_LOC_STRINGS = NO;
				SWIFT_VERSION = 5.0;
				TARGETED_DEVICE_FAMILY = "1,2";
				TEST_HOST = "$(BUILT_PRODUCTS_DIR)/blog.app/$(BUNDLE_EXECUTABLE_FOLDER_PATH)/blog";
			};
			name = Release;
		};
		1A3B34EF291294CF00CB63B0 /* Debug */ = {
			isa = XCBuildConfiguration;
			buildSettings = {
				ALWAYS_EMBED_SWIFT_STANDARD_LIBRARIES = YES;
				CODE_SIGN_STYLE = Automatic;
				CURRENT_PROJECT_VERSION = 1;
				GENERATE_INFOPLIST_FILE = YES;
				IPHONEOS_DEPLOYMENT_TARGET = 16.0;
				MACOSX_DEPLOYMENT_TARGET = 12.3;
				MARKETING_VERSION = 1.0;
				PRODUCT_BUNDLE_IDENTIFIER = twaiq.blogUITests;
				PRODUCT_NAME = "$(TARGET_NAME)";
				SDKROOT = auto;
				SUPPORTED_PLATFORMS = "iphoneos iphonesimulator macosx";
				SWIFT_EMIT_LOC_STRINGS = NO;
				SWIFT_VERSION = 5.0;
				TARGETED_DEVICE_FAMILY = "1,2";
				TEST_TARGET_NAME = blog;
			};
			name = Debug;
		};
		1A3B34F0291294CF00CB63B0 /* Release */ = {
			isa = XCBuildConfiguration;
			buildSettings = {
				ALWAYS_EMBED_SWIFT_STANDARD_LIBRARIES = YES;
				CODE_SIGN_STYLE = Automatic;
				CURRENT_PROJECT_VERSION = 1;
				GENERATE_INFOPLIST_FILE = YES;
				IPHONEOS_DEPLOYMENT_TARGET = 16.0;
				MACOSX_DEPLOYMENT_TARGET = 12.3;
				MARKETING_VERSION = 1.0;
				PRODUCT_BUNDLE_IDENTIFIER = twaiq.blogUITests;
				PRODUCT_NAME = "$(TARGET_NAME)";
				SDKROOT = auto;
				SUPPORTED_PLATFORMS = "iphoneos iphonesimulator macosx";
				SWIFT_EMIT_LOC_STRINGS = NO;
				SWIFT_VERSION = 5.0;
				TARGETED_DEVICE_FAMILY = "1,2";
				TEST_TARGET_NAME = blog;
			};
			name = Release;
		};
/* End XCBuildConfiguration section */

/* Begin XCConfigurationList section */
		1A3B34BE291294CD00CB63B0 /* Build configuration list for PBXProject "blog" */ = {
			isa = XCConfigurationList;
			buildConfigurations = (
				1A3B34E6291294CF00CB63B0 /* Debug */,
				1A3B34E7291294CF00CB63B0 /* Release */,
			);
			defaultConfigurationIsVisible = 0;
			defaultConfigurationName = Release;
		};
		1A3B34E8291294CF00CB63B0 /* Build configuration list for PBXNativeTarget "blog" */ = {
			isa = XCConfigurationList;
			buildConfigurations = (
				1A3B34E9291294CF00CB63B0 /* Debug */,
				1A3B34EA291294CF00CB63B0 /* Release */,
			);
			defaultConfigurationIsVisible = 0;
			defaultConfigurationName = Release;
		};
		1A3B34EB291294CF00CB63B0 /* Build configuration list for PBXNativeTarget "blogTests" */ = {
			isa = XCConfigurationList;
			buildConfigurations = (
				1A3B34EC291294CF00CB63B0 /* Debug */,
				1A3B34ED291294CF00CB63B0 /* Release */,
			);
			defaultConfigurationIsVisible = 0;
			defaultConfigurationName = Release;
		};
		1A3B34EE291294CF00CB63B0 /* Build configuration list for PBXNativeTarget "blogUITests" */ = {
			isa = XCConfigurationList;
			buildConfigurations = (
				1A3B34EF291294CF00CB63B0 /* Debug */,
				1A3B34F0291294CF00CB63B0 /* Release */,
			);
			defaultConfigurationIsVisible = 0;
			defaultConfigurationName = Release;
		};
/* End XCConfigurationList section */
	};
	rootObject = 1A3B34BB291294CD00CB63B0 /* Project object */;
}
